
Microsoft Visual Studio Solution File, Format Version 12.00
# Visual Studio Version 17
VisualStudioVersion = 17.9.34723.18
MinimumVisualStudioVersion = 10.0.40219.1
Project("{F184B08F-C81C-45F6-A57F-5ABD9991F28F}") = "ATM and Speech", "ATM and Speech\ATM and Speech.vbproj", "{DF126DAA-2E73-40A2-A7EA-7F1D71866B5B}"
EndProject
Global
	GlobalSection(SolutionConfigurationPlatforms) = preSolution
		Debug|Any CPU = Debug|Any CPU
		Release|Any CPU = Release|Any CPU
	EndGlobalSection
	GlobalSection(ProjectConfigurationPlatforms) = postSolution
		{DF126DAA-2E73-40A2-A7EA-7F1D71866B5B}.Debug|Any CPU.ActiveCfg = Debug|Any CPU
		{DF126DAA-2E73-40A2-A7EA-7F1D71866B5B}.Debug|Any CPU.Build.0 = Debug|Any CPU
		{DF126DAA-2E73-40A2-A7EA-7F1D71866B5B}.Release|Any CPU.ActiveCfg = Release|Any CPU
		{DF126DAA-2E73-40A2-A7EA-7F1D71866B5B}.Release|Any CPU.Build.0 = Release|Any CPU
	EndGlobalSection
	GlobalSection(SolutionProperties) = preSolution
		HideSolutionNode = FALSE
	EndGlobalSection
	GlobalSection(ExtensibilityGlobals) = postSolution
		SolutionGuid = {B9FEA7E8-21BA-422A-8BA2-0A8C7EE2BC55}
	EndGlobalSection
EndGlobal
